
Microsoft Visual Studio Solution File, Format Version 12.00
# Visual Studio 2013
VisualStudioVersion = 12.0.40629.0
MinimumVisualStudioVersion = 10.0.40219.1
Project("{FAE04EC0-301F-11D3-BF4B-00C04F79EFBC}") = "AdtvDemo.WUS.WebAPI.Logistics", "AdtvDemo.WUS.WebAPI.Logistics\AdtvDemo.WUS.WebAPI.Logistics.csproj", "{102B45F1-D37E-47BB-BEEB-8C9177031952}"
EndProject
Project("{FAE04EC0-301F-11D3-BF4B-00C04F79EFBC}") = "AdtvDemo.WUS.API.Products", "AdtvDemo.WUS.API.Products\AdtvDemo.WUS.API.Products.csproj", "{4C1EF382-D817-43A8-AEB4-80624899DDF4}"
EndProject
Project("{FAE04EC0-301F-11D3-BF4B-00C04F79EFBC}") = "AdtvDemo.WUS.API.Orders", "AdtvDemo.WUS.API.Orders\AdtvDemo.WUS.API.Orders.csproj", "{93881493-0E7D-42C3-B073-F7859D201E8A}"
EndProject
Project("{2150E333-8FDC-42A3-9474-1A3956D46DE8}") = "LogicDefinition", "LogicDefinition", "{44C00BCF-60C1-451C-80CC-F21F29E888B7}"
	ProjectSection(SolutionItems) = preProject
		LogicDefinition\AdtvDemoWUS-Logic-Fulfilment.json = LogicDefinition\AdtvDemoWUS-Logic-Fulfilment.json
	EndProjectSection
EndProject
Project("{FAE04EC0-301F-11D3-BF4B-00C04F79EFBC}") = "AdtvDemo.WUS.Tests", "AdtvDemo.WUS.Tests\AdtvDemo.WUS.Tests.csproj", "{723CEDEC-A777-4386-8337-56D660C8E6EB}"
EndProject
Global
	GlobalSection(SolutionConfigurationPlatforms) = preSolution
		Debug|Any CPU = Debug|Any CPU
		Release|Any CPU = Release|Any CPU
	EndGlobalSection
	GlobalSection(ProjectConfigurationPlatforms) = postSolution
		{102B45F1-D37E-47BB-BEEB-8C9177031952}.Debug|Any CPU.ActiveCfg = Debug|Any CPU
		{102B45F1-D37E-47BB-BEEB-8C9177031952}.Debug|Any CPU.Build.0 = Debug|Any CPU
		{102B45F1-D37E-47BB-BEEB-8C9177031952}.Release|Any CPU.ActiveCfg = Release|Any CPU
		{102B45F1-D37E-47BB-BEEB-8C9177031952}.Release|Any CPU.Build.0 = Release|Any CPU
		{4C1EF382-D817-43A8-AEB4-80624899DDF4}.Debug|Any CPU.ActiveCfg = Debug|Any CPU
		{4C1EF382-D817-43A8-AEB4-80624899DDF4}.Debug|Any CPU.Build.0 = Debug|Any CPU
		{4C1EF382-D817-43A8-AEB4-80624899DDF4}.Release|Any CPU.ActiveCfg = Release|Any CPU
		{4C1EF382-D817-43A8-AEB4-80624899DDF4}.Release|Any CPU.Build.0 = Release|Any CPU
		{93881493-0E7D-42C3-B073-F7859D201E8A}.Debug|Any CPU.ActiveCfg = Debug|Any CPU
		{93881493-0E7D-42C3-B073-F7859D201E8A}.Debug|Any CPU.Build.0 = Debug|Any CPU
		{93881493-0E7D-42C3-B073-F7859D201E8A}.Release|Any CPU.ActiveCfg = Release|Any CPU
		{93881493-0E7D-42C3-B073-F7859D201E8A}.Release|Any CPU.Build.0 = Release|Any CPU
		{723CEDEC-A777-4386-8337-56D660C8E6EB}.Debug|Any CPU.ActiveCfg = Debug|Any CPU
		{723CEDEC-A777-4386-8337-56D660C8E6EB}.Debug|Any CPU.Build.0 = Debug|Any CPU
		{723CEDEC-A777-4386-8337-56D660C8E6EB}.Release|Any CPU.ActiveCfg = Release|Any CPU
		{723CEDEC-A777-4386-8337-56D660C8E6EB}.Release|Any CPU.Build.0 = Release|Any CPU
	EndGlobalSection
	GlobalSection(SolutionProperties) = preSolution
		HideSolutionNode = FALSE
	EndGlobalSection
EndGlobal
